
Microsoft Visual Studio Solution File, Format Version 12.00
# Visual Studio Version 16
VisualStudioVersion = 16.0.31424.327
MinimumVisualStudioVersion = 10.0.40219.1
Project("{FAE04EC0-301F-11D3-BF4B-00C04F79EFBC}") = "cadPessoas", "cadPessoas\cadPessoas.csproj", "{D5DA3824-9497-409B-B598-2BC84AA476BE}"
EndProject
Global
	GlobalSection(SolutionConfigurationPlatforms) = preSolution
		Debug|Any CPU = Debug|Any CPU
		Release|Any CPU = Release|Any CPU
	EndGlobalSection
	GlobalSection(ProjectConfigurationPlatforms) = postSolution
		{D5DA3824-9497-409B-B598-2BC84AA476BE}.Debug|Any CPU.ActiveCfg = Debug|Any CPU
		{D5DA3824-9497-409B-B598-2BC84AA476BE}.Debug|Any CPU.Build.0 = Debug|Any CPU
		{D5DA3824-9497-409B-B598-2BC84AA476BE}.Release|Any CPU.ActiveCfg = Release|Any CPU
		{D5DA3824-9497-409B-B598-2BC84AA476BE}.Release|Any CPU.Build.0 = Release|Any CPU
	EndGlobalSection
	GlobalSection(SolutionProperties) = preSolution
		HideSolutionNode = FALSE
	EndGlobalSection
	GlobalSection(ExtensibilityGlobals) = postSolution
		SolutionGuid = {F813743E-2585-495D-A4B1-9D4C90D51EEE}
	EndGlobalSection
EndGlobal
